
Microsoft Visual Studio Solution File, Format Version 12.00
# Visual Studio 15
VisualStudioVersion = 15.0.28010.2041
MinimumVisualStudioVersion = 10.0.40219.1
Project("{FAE04EC0-301F-11D3-BF4B-00C04F79EFBC}") = "AudioPlayer", "AudioPlayer\AudioPlayer.csproj", "{0FDA27CC-00F8-477D-87ED-A56409A98AF8}"
EndProject
Global
	GlobalSection(SolutionConfigurationPlatforms) = preSolution
		Debug|Any CPU = Debug|Any CPU
		Release|Any CPU = Release|Any CPU
	EndGlobalSection
	GlobalSection(ProjectConfigurationPlatforms) = postSolution
		{0FDA27CC-00F8-477D-87ED-A56409A98AF8}.Debug|Any CPU.ActiveCfg = Debug|Any CPU
		{0FDA27CC-00F8-477D-87ED-A56409A98AF8}.Debug|Any CPU.Build.0 = Debug|Any CPU
		{0FDA27CC-00F8-477D-87ED-A56409A98AF8}.Release|Any CPU.ActiveCfg = Release|Any CPU
		{0FDA27CC-00F8-477D-87ED-A56409A98AF8}.Release|Any CPU.Build.0 = Release|Any CPU
	EndGlobalSection
	GlobalSection(SolutionProperties) = preSolution
		HideSolutionNode = FALSE
	EndGlobalSection
	GlobalSection(ExtensibilityGlobals) = postSolution
		SolutionGuid = {C6026DFB-3FEF-48B1-9F8F-F2E4AD3C7ABA}
	EndGlobalSection
EndGlobal
